
Microsoft Visual Studio Solution File, Format Version 12.00
# Visual Studio Version 16
VisualStudioVersion = 16.0.30907.101
MinimumVisualStudioVersion = 10.0.40219.1
Project("{FAE04EC0-301F-11D3-BF4B-00C04F79EFBC}") = "Casto-Asg4-Binary", "Casto-Asg4-Binary\Casto-Asg4-Binary.csproj", "{68DAC5D0-6F12-429B-A232-4D71D710F26F}"
EndProject
Global
	GlobalSection(SolutionConfigurationPlatforms) = preSolution
		Debug|Any CPU = Debug|Any CPU
		Release|Any CPU = Release|Any CPU
	EndGlobalSection
	GlobalSection(ProjectConfigurationPlatforms) = postSolution
		{68DAC5D0-6F12-429B-A232-4D71D710F26F}.Debug|Any CPU.ActiveCfg = Debug|Any CPU
		{68DAC5D0-6F12-429B-A232-4D71D710F26F}.Debug|Any CPU.Build.0 = Debug|Any CPU
		{68DAC5D0-6F12-429B-A232-4D71D710F26F}.Release|Any CPU.ActiveCfg = Release|Any CPU
		{68DAC5D0-6F12-429B-A232-4D71D710F26F}.Release|Any CPU.Build.0 = Release|Any CPU
	EndGlobalSection
	GlobalSection(SolutionProperties) = preSolution
		HideSolutionNode = FALSE
	EndGlobalSection
	GlobalSection(ExtensibilityGlobals) = postSolution
		SolutionGuid = {1561ED9A-0D4C-47EF-B920-CCBEA2F9A585}
	EndGlobalSection
EndGlobal
